{
    "name": "kr.wdb.app",
    "version": "1.0.0",
    "lockfileVersion": 1,
    "requires": true,
    "dependencies": {
        "async": {
            "version": "2.6.2",
            "resolved": "https://registry.npmjs.org/async/-/async-2.6.2.tgz",
            "integrity": "sha512-H1qVYh1MYhEEFLsP97cVKqCGo7KfCyTt6uEWqsTBr9SO84oK9Uwbyd/yCW+6rKJLHksBNUVWZDAjfS+Ccx0Bbg==",
            "requires": {
                "lodash": "^4.17.11"
            }
        },
        "cordova-plugin-barcodescanner": {
            "version": "0.7.4",
            "resolved": "https://registry.npmjs.org/cordova-plugin-barcodescanner/-/cordova-plugin-barcodescanner-0.7.4.tgz",
            "integrity": "sha1-Dhr7wnrIWp+lDmWbTmGSN38kPAM="
        },
        "cordova-plugin-camera": {
            "version": "4.0.3",
            "resolved": "https://registry.npmjs.org/cordova-plugin-camera/-/cordova-plugin-camera-4.0.3.tgz",
            "integrity": "sha1-c3Olk4MYyGzP2E43E+I4LRD+B2s="
        },
        "cordova-plugin-compat": {
            "version": "1.2.0",
            "resolved": "https://registry.npmjs.org/cordova-plugin-compat/-/cordova-plugin-compat-1.2.0.tgz",
            "integrity": "sha1-C8ZXVyduvZIMASzpIOJ0F3V2Nz4="
        },
        "cordova-plugin-console": {
            "version": "1.1.0",
            "resolved": "https://registry.npmjs.org/cordova-plugin-console/-/cordova-plugin-console-1.1.0.tgz",
            "integrity": "sha1-4vusECkBeeRMtyxf28QQpTHBzW0="
        },
        "cordova-plugin-dialogs": {
            "version": "2.0.1",
            "resolved": "https://registry.npmjs.org/cordova-plugin-dialogs/-/cordova-plugin-dialogs-2.0.1.tgz",
            "integrity": "sha1-N/7xUSWWyNXflUP7eHJFkPdn3PM="
        },
        "cordova-plugin-fcm-with-dependecy-updated": {
            "version": "2.4.0",
            "resolved": "https://registry.npmjs.org/cordova-plugin-fcm-with-dependecy-updated/-/cordova-plugin-fcm-with-dependecy-updated-2.4.0.tgz",
            "integrity": "sha512-L199FSZBdCwBPND+eemN44MRDTqsOJA05/hmUmjMRN6Z4HoEn//x8PwphIovvQyDscW4Hrc6fRlHQBvVzFIQrQ=="
        },
        "cordova-plugin-file": {
            "version": "6.0.1",
            "resolved": "https://registry.npmjs.org/cordova-plugin-file/-/cordova-plugin-file-6.0.1.tgz",
            "integrity": "sha1-SWBrjBWlaI1HKPkuSnMloGHeB/U="
        },
        "cordova-plugin-file-transfer": {
            "version": "1.7.1",
            "resolved": "https://registry.npmjs.org/cordova-plugin-file-transfer/-/cordova-plugin-file-transfer-1.7.1.tgz",
            "integrity": "sha1-p12L4uvDu5sjxbG70ZkhTsJnWGs="
        },
        "cordova-plugin-geolocation": {
            "version": "4.0.1",
            "resolved": "https://registry.npmjs.org/cordova-plugin-geolocation/-/cordova-plugin-geolocation-4.0.1.tgz",
            "integrity": "sha1-RwP6ZJ0kBdJamnMsmev4aHVKLAQ="
        },
        "cordova-plugin-inappbrowser": {
            "version": "3.0.0",
            "resolved": "https://registry.npmjs.org/cordova-plugin-inappbrowser/-/cordova-plugin-inappbrowser-3.0.0.tgz",
            "integrity": "sha1-1K4A02Z2IQdRBXrSWK5K1KkWGto="
        },
        "cordova-plugin-intent": {
            "version": "git+https://github.com/napolitano/cordova-plugin-intent.git#0a47226e64da1e349e2ab2f5e9e0cc2a4e1c5555",
            "from": "git+https://github.com/napolitano/cordova-plugin-intent.git"
        },
        "cordova-plugin-photo-library": {
            "version": "2.2.1",
            "resolved": "https://registry.npmjs.org/cordova-plugin-photo-library/-/cordova-plugin-photo-library-2.2.1.tgz",
            "integrity": "sha512-oz+iWBlW6tBtpmACGshCm0Z/deMbbFwcC67avnx8eFpX4o4nfA4jiHIImW1GO9NBMVkoTKH71OixDKIqq/0uXA==",
            "requires": {
                "async": "^2.1.4"
            }
        },
        "cordova-plugin-restful": {
            "version": "0.0.4",
            "resolved": "https://registry.npmjs.org/cordova-plugin-restful/-/cordova-plugin-restful-0.0.4.tgz",
            "integrity": "sha1-+9grO/uJBAkpthsizISshiqMWPQ="
        },
        "cordova-plugin-save-image-gallery": {
            "version": "0.0.26",
            "resolved": "https://registry.npmjs.org/cordova-plugin-save-image-gallery/-/cordova-plugin-save-image-gallery-0.0.26.tgz",
            "integrity": "sha512-MoUh3PkAgPRg2m2hrHSAhjzPKg2YtDAiQClJjIx70HmiPIStgHstZND1e848+S12DiYjRRgShRmZDwyPAc6LMA=="
        },
        "cordova-plugin-whitelist": {
            "version": "1.3.3",
            "resolved": "https://registry.npmjs.org/cordova-plugin-whitelist/-/cordova-plugin-whitelist-1.3.3.tgz",
            "integrity": "sha1-tehezbv+Wu3tQKG/TuI3LmfZb7Q=",
            "dev": true
        },
        "lodash": {
            "version": "4.17.11",
            "resolved": "https://registry.npmjs.org/lodash/-/lodash-4.17.11.tgz",
            "integrity": "sha512-cQKh8igo5QUhZ7lg38DYWAxMvjSAKG0A8wGSVimP07SIUEK2UO+arSRKbRZWtelMtN5V0Hkwh5ryOto/SshYIg=="
        }
    }
}
